
Microsoft Visual Studio Solution File, Format Version 12.00
# Visual Studio Version 16
VisualStudioVersion = 16.0.32002.261
MinimumVisualStudioVersion = 10.0.40219.1
Project("{FAE04EC0-301F-11D3-BF4B-00C04F79EFBC}") = "ListEqualityValueComparer", "ListEqualityValueComparer\ListEqualityValueComparer.csproj", "{4ECCA8F6-9CD2-4E13-9447-890BF896CD4C}"
EndProject
Global
	GlobalSection(SolutionConfigurationPlatforms) = preSolution
		Debug|Any CPU = Debug|Any CPU
		Release|Any CPU = Release|Any CPU
	EndGlobalSection
	GlobalSection(ProjectConfigurationPlatforms) = postSolution
		{4ECCA8F6-9CD2-4E13-9447-890BF896CD4C}.Debug|Any CPU.ActiveCfg = Debug|Any CPU
		{4ECCA8F6-9CD2-4E13-9447-890BF896CD4C}.Debug|Any CPU.Build.0 = Debug|Any CPU
		{4ECCA8F6-9CD2-4E13-9447-890BF896CD4C}.Release|Any CPU.ActiveCfg = Release|Any CPU
		{4ECCA8F6-9CD2-4E13-9447-890BF896CD4C}.Release|Any CPU.Build.0 = Release|Any CPU
	EndGlobalSection
	GlobalSection(SolutionProperties) = preSolution
		HideSolutionNode = FALSE
	EndGlobalSection
	GlobalSection(ExtensibilityGlobals) = postSolution
		SolutionGuid = {B32FA254-AE65-4F45-B5F5-C7D4B22A1C81}
	EndGlobalSection
EndGlobal
