
Microsoft Visual Studio Solution File, Format Version 12.00
# Visual Studio Version 16
VisualStudioVersion = 16.0.31624.102
MinimumVisualStudioVersion = 10.0.40219.1
Project("{FAE04EC0-301F-11D3-BF4B-00C04F79EFBC}") = "FactoryDesignPattern", "FactoryDesignPattern\FactoryDesignPattern.csproj", "{F0C83875-05FC-405F-A43D-8C74F38BF9BB}"
EndProject
Global
	GlobalSection(SolutionConfigurationPlatforms) = preSolution
		Debug|Any CPU = Debug|Any CPU
		Release|Any CPU = Release|Any CPU
	EndGlobalSection
	GlobalSection(ProjectConfigurationPlatforms) = postSolution
		{F0C83875-05FC-405F-A43D-8C74F38BF9BB}.Debug|Any CPU.ActiveCfg = Debug|Any CPU
		{F0C83875-05FC-405F-A43D-8C74F38BF9BB}.Debug|Any CPU.Build.0 = Debug|Any CPU
		{F0C83875-05FC-405F-A43D-8C74F38BF9BB}.Release|Any CPU.ActiveCfg = Release|Any CPU
		{F0C83875-05FC-405F-A43D-8C74F38BF9BB}.Release|Any CPU.Build.0 = Release|Any CPU
	EndGlobalSection
	GlobalSection(SolutionProperties) = preSolution
		HideSolutionNode = FALSE
	EndGlobalSection
	GlobalSection(ExtensibilityGlobals) = postSolution
		SolutionGuid = {F949524B-7B7E-4300-BDA2-F7097ECBDE47}
	EndGlobalSection
EndGlobal
