
Microsoft Visual Studio Solution File, Format Version 12.00
# Visual Studio Version 17
VisualStudioVersion = 17.0.31919.166
MinimumVisualStudioVersion = 10.0.40219.1
Project("{FAE04EC0-301F-11D3-BF4B-00C04F79EFBC}") = "Vidly2", "Vidly2\Vidly2.csproj", "{FEF78773-A81B-414B-A151-CC318969D183}"
EndProject
Global
	GlobalSection(SolutionConfigurationPlatforms) = preSolution
		Debug|Any CPU = Debug|Any CPU
		Release|Any CPU = Release|Any CPU
	EndGlobalSection
	GlobalSection(ProjectConfigurationPlatforms) = postSolution
		{FEF78773-A81B-414B-A151-CC318969D183}.Debug|Any CPU.ActiveCfg = Debug|Any CPU
		{FEF78773-A81B-414B-A151-CC318969D183}.Debug|Any CPU.Build.0 = Debug|Any CPU
		{FEF78773-A81B-414B-A151-CC318969D183}.Release|Any CPU.ActiveCfg = Release|Any CPU
		{FEF78773-A81B-414B-A151-CC318969D183}.Release|Any CPU.Build.0 = Release|Any CPU
	EndGlobalSection
	GlobalSection(SolutionProperties) = preSolution
		HideSolutionNode = FALSE
	EndGlobalSection
	GlobalSection(ExtensibilityGlobals) = postSolution
		SolutionGuid = {371121D9-2223-4D9B-A411-82C25E326E88}
	EndGlobalSection
EndGlobal
