
Microsoft Visual Studio Solution File, Format Version 12.00
# Visual Studio Version 17
VisualStudioVersion = 17.0.31919.166
MinimumVisualStudioVersion = 10.0.40219.1
Project("{FAE04EC0-301F-11D3-BF4B-00C04F79EFBC}") = "DeadLockInProgramming", "DeadLockInProgramming\DeadLockInProgramming.csproj", "{CE98EB1C-F8B2-439C-B51F-D470FF3E51AF}"
EndProject
Global
	GlobalSection(SolutionConfigurationPlatforms) = preSolution
		Debug|Any CPU = Debug|Any CPU
		Release|Any CPU = Release|Any CPU
	EndGlobalSection
	GlobalSection(ProjectConfigurationPlatforms) = postSolution
		{CE98EB1C-F8B2-439C-B51F-D470FF3E51AF}.Debug|Any CPU.ActiveCfg = Debug|Any CPU
		{CE98EB1C-F8B2-439C-B51F-D470FF3E51AF}.Debug|Any CPU.Build.0 = Debug|Any CPU
		{CE98EB1C-F8B2-439C-B51F-D470FF3E51AF}.Release|Any CPU.ActiveCfg = Release|Any CPU
		{CE98EB1C-F8B2-439C-B51F-D470FF3E51AF}.Release|Any CPU.Build.0 = Release|Any CPU
	EndGlobalSection
	GlobalSection(SolutionProperties) = preSolution
		HideSolutionNode = FALSE
	EndGlobalSection
	GlobalSection(ExtensibilityGlobals) = postSolution
		SolutionGuid = {D8506CF3-4CA3-4CE1-B17C-30DA111F823C}
	EndGlobalSection
EndGlobal
